
Microsoft Visual Studio Solution File, Format Version 12.00
# Visual Studio Version 16
VisualStudioVersion = 16.0.30225.117
MinimumVisualStudioVersion = 10.0.40219.1
Project("{FAE04EC0-301F-11D3-BF4B-00C04F79EFBC}") = "Numbers-Game", "Numbers-Game\Numbers-Game.csproj", "{23DEE3ED-4FFF-4A9F-A9EB-22977FFD1112}"
EndProject
Global
	GlobalSection(SolutionConfigurationPlatforms) = preSolution
		Debug|Any CPU = Debug|Any CPU
		Release|Any CPU = Release|Any CPU
	EndGlobalSection
	GlobalSection(ProjectConfigurationPlatforms) = postSolution
		{23DEE3ED-4FFF-4A9F-A9EB-22977FFD1112}.Debug|Any CPU.ActiveCfg = Debug|Any CPU
		{23DEE3ED-4FFF-4A9F-A9EB-22977FFD1112}.Debug|Any CPU.Build.0 = Debug|Any CPU
		{23DEE3ED-4FFF-4A9F-A9EB-22977FFD1112}.Release|Any CPU.ActiveCfg = Release|Any CPU
		{23DEE3ED-4FFF-4A9F-A9EB-22977FFD1112}.Release|Any CPU.Build.0 = Release|Any CPU
	EndGlobalSection
	GlobalSection(SolutionProperties) = preSolution
		HideSolutionNode = FALSE
	EndGlobalSection
	GlobalSection(ExtensibilityGlobals) = postSolution
		SolutionGuid = {A3F9385E-1E42-47FB-A52F-BF3FFA3C2A6E}
	EndGlobalSection
EndGlobal
